// !$*UTF8*$!
{
	archiveVersion = 1;
	classes = {
	};
	objectVersion = 46;
	objects = {

/* Begin PBXBuildFile section */
		5B51537D1DFB220A0086F42D /* AppDelegate.swift in Sources */ = {isa = PBXBuildFile; fileRef = 5B51537C1DFB220A0086F42D /* AppDelegate.swift */; };
		5B51537F1DFB220A0086F42D /* ViewController.swift in Sources */ = {isa = PBXBuildFile; fileRef = 5B51537E1DFB220A0086F42D /* ViewController.swift */; };
		5B5153821DFB220A0086F42D /* Main.storyboard in Resources */ = {isa = PBXBuildFile; fileRef = 5B5153801DFB220A0086F42D /* Main.storyboard */; };
		5B5153841DFB220A0086F42D /* Assets.xcassets in Resources */ = {isa = PBXBuildFile; fileRef = 5B5153831DFB220A0086F42D /* Assets.xcassets */; };
		5B5153871DFB220A0086F42D /* LaunchScreen.storyboard in Resources */ = {isa = PBXBuildFile; fileRef = 5B5153851DFB220A0086F42D /* LaunchScreen.storyboard */; };
		5BA8A9271DFD08820012FF43 /* VistaResultados.swift in Sources */ = {isa = PBXBuildFile; fileRef = 5BA8A9261DFD08820012FF43 /* VistaResultados.swift */; };
		5BA8A9291DFD0FFF0012FF43 /* VistaTipoMasa.swift in Sources */ = {isa = PBXBuildFile; fileRef = 5BA8A9281DFD0FFF0012FF43 /* VistaTipoMasa.swift */; };
		5BA8A92B1DFE5DDC0012FF43 /* resultados.swift in Sources */ = {isa = PBXBuildFile; fileRef = 5BA8A92A1DFE5DDC0012FF43 /* resultados.swift */; };
/* End PBXBuildFile section */

/* Begin PBXFileReference section */
		5B5153791DFB220A0086F42D /* PizzApp.app */ = {isa = PBXFileReference; explicitFileType = wrapper.application; includeInIndex = 0; path = PizzApp.app; sourceTree = BUILT_PRODUCTS_DIR; };
		5B51537C1DFB220A0086F42D /* AppDelegate.swift */ = {isa = PBXFileReference; lastKnownFileType = sourcecode.swift; path = AppDelegate.swift; sourceTree = "<group>"; };
		5B51537E1DFB220A0086F42D /* ViewController.swift */ = {isa = PBXFileReference; lastKnownFileType = sourcecode.swift; path = ViewController.swift; sourceTree = "<group>"; };
		5B5153811DFB220A0086F42D /* Base */ = {isa = PBXFileReference; lastKnownFileType = file.storyboard; name = Base; path = Base.lproj/Main.storyboard; sourceTree = "<group>"; };
		5B5153831DFB220A0086F42D /* Assets.xcassets */ = {isa = PBXFileReference; lastKnownFileType = folder.assetcatalog; path = Assets.xcassets; sourceTree = "<group>"; };
		5B5153861DFB220A0086F42D /* Base */ = {isa = PBXFileReference; lastKnownFileType = file.storyboard; name = Base; path = Base.lproj/LaunchScreen.storyboard; sourceTree = "<group>"; };
		5B5153881DFB220A0086F42D /* Info.plist */ = {isa = PBXFileReference; lastKnownFileType = text.plist.xml; path = Info.plist; sourceTree = "<group>"; };
		5BA8A9261DFD08820012FF43 /* VistaResultados.swift */ = {isa = PBXFileReference; fileEncoding = 4; lastKnownFileType = sourcecode.swift; path = VistaResultados.swift; sourceTree = "<group>"; };
		5BA8A9281DFD0FFF0012FF43 /* VistaTipoMasa.swift */ = {isa = PBXFileReference; fileEncoding = 4; lastKnownFileType = sourcecode.swift; path = VistaTipoMasa.swift; sourceTree = "<group>"; };
		5BA8A92A1DFE5DDC0012FF43 /* resultados.swift */ = {isa = PBXFileReference; fileEncoding = 4; lastKnownFileType = sourcecode.swift; path = resultados.swift; sourceTree = "<group>"; };
/* End PBXFileReference section */

/* Begin PBXFrameworksBuildPhase section */
		5B5153761DFB220A0086F42D /* Frameworks */ = {
			isa = PBXFrameworksBuildPhase;
			buildActionMask = 2147483647;
			files = (
			);
			runOnlyForDeploymentPostprocessing = 0;
		};
/* End PBXFrameworksBuildPhase section */

/* Begin PBXGroup section */
		5B5153701DFB220A0086F42D = {
			isa = PBXGroup;
			children = (
				5B51537B1DFB220A0086F42D /* PizzApp */,
				5B51537A1DFB220A0086F42D /* Products */,
			);
			sourceTree = "<group>";
		};
		5B51537A1DFB220A0086F42D /* Products */ = {
			isa = PBXGroup;
			children = (
				5B5153791DFB220A0086F42D /* PizzApp.app */,
			);
			name = Products;
			sourceTree = "<group>";
		};
		5B51537B1DFB220A0086F42D /* PizzApp */ = {
			isa = PBXGroup;
			children = (
				5B51537C1DFB220A0086F42D /* AppDelegate.swift */,
				5B51537E1DFB220A0086F42D /* ViewController.swift */,
				5B5153801DFB220A0086F42D /* Main.storyboard */,
				5B5153831DFB220A0086F42D /* Assets.xcassets */,
				5B5153851DFB220A0086F42D /* LaunchScreen.storyboard */,
				5B5153881DFB220A0086F42D /* Info.plist */,
				5BA8A9261DFD08820012FF43 /* VistaResultados.swift */,
				5BA8A9281DFD0FFF0012FF43 /* VistaTipoMasa.swift */,
				5BA8A92A1DFE5DDC0012FF43 /* resultados.swift */,
			);
			path = PizzApp;
			sourceTree = "<group>";
		};
/* End PBXGroup section */

/* Begin PBXNativeTarget section */
		5B5153781DFB220A0086F42D /* PizzApp */ = {
			isa = PBXNativeTarget;
			buildConfigurationList = 5B51538B1DFB220A0086F42D /* Build configuration list for PBXNativeTarget "PizzApp" */;
			buildPhases = (
				5B5153751DFB220A0086F42D /* Sources */,
				5B5153761DFB220A0086F42D /* Frameworks */,
				5B5153771DFB220A0086F42D /* Resources */,
			);
			buildRules = (
			);
			dependencies = (
			);
			name = PizzApp;
			productName = PizzApp;
			productReference = 5B5153791DFB220A0086F42D /* PizzApp.app */;
			productType = "com.apple.product-type.application";
		};
/* End PBXNativeTarget section */

/* Begin PBXProject section */
		5B5153711DFB220A0086F42D /* Project object */ = {
			isa = PBXProject;
			attributes = {
				LastSwiftUpdateCheck = 0730;
				LastUpgradeCheck = 0730;
				ORGANIZATIONNAME = Kashin;
				TargetAttributes = {
					5B5153781DFB220A0086F42D = {
						CreatedOnToolsVersion = 7.3.1;
					};
				};
			};
			buildConfigurationList = 5B5153741DFB220A0086F42D /* Build configuration list for PBXProject "PizzApp" */;
			compatibilityVersion = "Xcode 3.2";
			developmentRegion = English;
			hasScannedForEncodings = 0;
			knownRegions = (
				en,
				Base,
			);
			mainGroup = 5B5153701DFB220A0086F42D;
			productRefGroup = 5B51537A1DFB220A0086F42D /* Products */;
			projectDirPath = "";
			projectRoot = "";
			targets = (
				5B5153781DFB220A0086F42D /* PizzApp */,
			);
		};
/* End PBXProject section */

/* Begin PBXResourcesBuildPhase section */
		5B5153771DFB220A0086F42D /* Resources */ = {
			isa = PBXResourcesBuildPhase;
			buildActionMask = 2147483647;
			files = (
				5B5153871DFB220A0086F42D /* LaunchScreen.storyboard in Resources */,
				5B5153841DFB220A0086F42D /* Assets.xcassets in Resources */,
				5B5153821DFB220A0086F42D /* Main.storyboard in Resources */,
			);
			runOnlyForDeploymentPostprocessing = 0;
		};
/* End PBXResourcesBuildPhase section */

/* Begin PBXSourcesBuildPhase section */
		5B5153751DFB220A0086F42D /* Sources */ = {
			isa = PBXSourcesBuildPhase;
			buildActionMask = 2147483647;
			files = (
				5B51537F1DFB220A0086F42D /* ViewController.swift in Sources */,
				5B51537D1DFB220A0086F42D /* AppDelegate.swift in Sources */,
				5BA8A92B1DFE5DDC0012FF43 /* resultados.swift in Sources */,
				5BA8A9271DFD08820012FF43 /* VistaResultados.swift in Sources */,
				5BA8A9291DFD0FFF0012FF43 /* VistaTipoMasa.swift in Sources */,
			);
			runOnlyForDeploymentPostprocessing = 0;
		};
/* End PBXSourcesBuildPhase section */

/* Begin PBXVariantGroup section */
		5B5153801DFB220A0086F42D /* Main.storyboard */ = {
			isa = PBXVariantGroup;
			children = (
				5B5153811DFB220A0086F42D /* Base */,
			);
			name = Main.storyboard;
			sourceTree = "<group>";
		};
		5B5153851DFB220A0086F42D /* LaunchScreen.storyboard */ = {
			isa = PBXVariantGroup;
			children = (
				5B5153861DFB220A0086F42D /* Base */,
			);
			name = LaunchScreen.storyboard;
			sourceTree = "<group>";
		};
/* End PBXVariantGroup section */

/* Begin XCBuildConfiguration section */
		5B5153891DFB220A0086F42D /* Debug */ = {
			isa = XCBuildConfiguration;
			buildSettings = {
				ALWAYS_SEARCH_USER_PATHS = NO;
				CLANG_ANALYZER_NONNULL = YES;
				CLANG_CXX_LANGUAGE_STANDARD = "gnu++0x";
				CLANG_CXX_LIBRARY = "libc++";
				CLANG_ENABLE_MODULES = YES;
				CLANG_ENABLE_OBJC_ARC = YES;
				CLANG_WARN_BOOL_CONVERSION = YES;
				CLANG_WARN_CONSTANT_CONVERSION = YES;
				CLANG_WARN_DIRECT_OBJC_ISA_USAGE = YES_ERROR;
				CLANG_WARN_EMPTY_BODY = YES;
				CLANG_WARN_ENUM_CONVERSION = YES;
				CLANG_WARN_INT_CONVERSION = YES;
				CLANG_WARN_OBJC_ROOT_CLASS = YES_ERROR;
				CLANG_WARN_UNREACHABLE_CODE = YES;
				CLANG_WARN__DUPLICATE_METHOD_MATCH = YES;
				"CODE_SIGN_IDENTITY[sdk=iphoneos*]" = "iPhone Developer";
				COPY_PHASE_STRIP = NO;
				DEBUG_INFORMATION_FORMAT = dwarf;
				ENABLE_STRICT_OBJC_MSGSEND = YES;
				ENABLE_TESTABILITY = YES;
				GCC_C_LANGUAGE_STANDARD = gnu99;
				GCC_DYNAMIC_NO_PIC = NO;
				GCC_NO_COMMON_BLOCKS = YES;
				GCC_OPTIMIZATION_LEVEL = 0;
				GCC_PREPROCESSOR_DEFINITIONS = (
					"DEBUG=1",
					"$(inherited)",
				);
				GCC_WARN_64_TO_32_BIT_CONVERSION = YES;
				GCC_WARN_ABOUT_RETURN_TYPE = YES_ERROR;
				GCC_WARN_UNDECLARED_SELECTOR = YES;
				GCC_WARN_UNINITIALIZED_AUTOS = YES_AGGRESSIVE;
				GCC_WARN_UNUSED_FUNCTION = YES;
				GCC_WARN_UNUSED_VARIABLE = YES;
				IPHONEOS_DEPLOYMENT_TARGET = 9.3;
				MTL_ENABLE_DEBUG_INFO = YES;
				ONLY_ACTIVE_ARCH = YES;
				SDKROOT = iphoneos;
				SWIFT_OPTIMIZATION_LEVEL = "-Onone";
			};
			name = Debug;
		};
		5B51538A1DFB220A0086F42D /* Release */ = {
			isa = XCBuildConfiguration;
			buildSettings = {
				ALWAYS_SEARCH_USER_PATHS = NO;
				CLANG_ANALYZER_NONNULL = YES;
				CLANG_CXX_LANGUAGE_STANDARD = "gnu++0x";
				CLANG_CXX_LIBRARY = "libc++";
				CLANG_ENABLE_MODULES = YES;
				CLANG_ENABLE_OBJC_ARC = YES;
				CLANG_WARN_BOOL_CONVERSION = YES;
				CLANG_WARN_CONSTANT_CONVERSION = YES;
				CLANG_WARN_DIRECT_OBJC_ISA_USAGE = YES_ERROR;
				CLANG_WARN_EMPTY_BODY = YES;
				CLANG_WARN_ENUM_CONVERSION = YES;
				CLANG_WARN_INT_CONVERSION = YES;
				CLANG_WARN_OBJC_ROOT_CLASS = YES_ERROR;
				CLANG_WARN_UNREACHABLE_CODE = YES;
				CLANG_WARN__DUPLICATE_METHOD_MATCH = YES;
				"CODE_SIGN_IDENTITY[sdk=iphoneos*]" = "iPhone Developer";
				COPY_PHASE_STRIP = NO;
				DEBUG_INFORMATION_FORMAT = "dwarf-with-dsym";
				ENABLE_NS_ASSERTIONS = NO;
				ENABLE_STRICT_OBJC_MSGSEND = YES;
				GCC_C_LANGUAGE_STANDARD = gnu99;
				GCC_NO_COMMON_BLOCKS = YES;
				GCC_WARN_64_TO_32_BIT_CONVERSION = YES;
				GCC_WARN_ABOUT_RETURN_TYPE = YES_ERROR;
				GCC_WARN_UNDECLARED_SELECTOR = YES;
				GCC_WARN_UNINITIALIZED_AUTOS = YES_AGGRESSIVE;
				GCC_WARN_UNUSED_FUNCTION = YES;
				GCC_WARN_UNUSED_VARIABLE = YES;
				IPHONEOS_DEPLOYMENT_TARGET = 9.3;
				MTL_ENABLE_DEBUG_INFO = NO;
				SDKROOT = iphoneos;
				VALIDATE_PRODUCT = YES;
			};
			name = Release;
		};
		5B51538C1DFB220A0086F42D /* Debug */ = {
			isa = XCBuildConfiguration;
			buildSettings = {
				ASSETCATALOG_COMPILER_APPICON_NAME = AppIcon;
				INFOPLIST_FILE = PizzApp/Info.plist;
				LD_RUNPATH_SEARCH_PATHS = "$(inherited) @executable_path/Frameworks";
				PRODUCT_BUNDLE_IDENTIFIER = pe.tinkers.PizzApp;
				PRODUCT_NAME = "$(TARGET_NAME)";
			};
			name = Debug;
		};
		5B51538D1DFB220A0086F42D /* Release */ = {
			isa = XCBuildConfiguration;
			buildSettings = {
				ASSETCATALOG_COMPILER_APPICON_NAME = AppIcon;
				INFOPLIST_FILE = PizzApp/Info.plist;
				LD_RUNPATH_SEARCH_PATHS = "$(inherited) @executable_path/Frameworks";
				PRODUCT_BUNDLE_IDENTIFIER = pe.tinkers.PizzApp;
				PRODUCT_NAME = "$(TARGET_NAME)";
			};
			name = Release;
		};
/* End XCBuildConfiguration section */

/* Begin XCConfigurationList section */
		5B5153741DFB220A0086F42D /* Build configuration list for PBXProject "PizzApp" */ = {
			isa = XCConfigurationList;
			buildConfigurations = (
				5B5153891DFB220A0086F42D /* Debug */,
				5B51538A1DFB220A0086F42D /* Release */,
			);
			defaultConfigurationIsVisible = 0;
			defaultConfigurationName = Release;
		};
		5B51538B1DFB220A0086F42D /* Build configuration list for PBXNativeTarget "PizzApp" */ = {
			isa = XCConfigurationList;
			buildConfigurations = (
				5B51538C1DFB220A0086F42D /* Debug */,
				5B51538D1DFB220A0086F42D /* Release */,
			);
			defaultConfigurationIsVisible = 0;
			defaultConfigurationName = Release;
		};
/* End XCConfigurationList section */
	};
	rootObject = 5B5153711DFB220A0086F42D /* Project object */;
}
